<?xml version="1.0" encoding="UTF-8"?>
<Project ToolsVersion="14.0" xmlns="http://schemas.microsoft.com/developer/msbuild/2003">
  <ItemGroup>
    <ClCompile Include="C:\Users\voldemort\Documents\Pointcloudsamples\pclattempt2.cpp">
      <Filter>Source Files</Filter>
    </ClCompile>
  </ItemGroup>
  <ItemGroup>
    <CustomBuild Include="C:\Users\voldemort\Documents\Pointcloudsamples\CMakeLists.txt" />
  </ItemGroup>
  <ItemGroup>
    <Filter Include="Source Files">
      <UniqueIdentifier>{8AE6E4DD-DBF7-3032-96D8-19FF3236D7EC}</UniqueIdentifier>
    </Filter>
  </ItemGroup>
</Project>
